github.com/intel-go/fastjson v0.0.0-20170329170629-f846ae58a1ab h1:K7WJJ5AnrQV/6tEh0Qqs19KLzvsq5V15f9CifKii6aU=
github.com/intel-go/fastjson v0.0.0-20170329170629-f846ae58a1ab/go.mod h1:xr9Svf97gkxlW+ZDxs47vReKp7m9EUzNhEGOLyBHR+8=
github.com/mailru/easyjson v0.7.1 h1:mdxE1MF9o53iCb2Ghj1VfWvh7ZOwHpnVG/xwXrV90U8=
github.com/mailru/easyjson v0.7.1/go.mod h1:KAzv3t3aY1NaHWoQz1+4F1ccyAH66Jk7yos7ldAVICs=
github.com/pquerna/ffjson v0.0.0-20190930134022-aa0246cd15f7 h1:xoIK0ctDddBMnc74udxJYBqlo9Ylnsp1waqjLsnef20=
github.com/pquerna/ffjson v0.0.0-20190930134022-aa0246cd15f7/go.mod h1:YARuvh7BUWHNhzDq2OM5tzR2RiCcN2D7sapiKyCel/M=
github.com/valyala/fastjson v1.5.1 h1:SXaQZVSwLjZOVhDEhjiCcDtnX0Feu7Z7A1+C5atpoHM=
github.com/valyala/fastjson v1.5.1/go.mod h1:CLCAqky6SMuOcxStkYQvblddUtoRxhYMGLrsQns1aXY=
